
Microsoft Visual Studio Solution File, Format Version 12.00
# Visual Studio Version 17
VisualStudioVersion = 17.5.33502.453
MinimumVisualStudioVersion = 10.0.40219.1
Project("{FAE04EC0-301F-11D3-BF4B-00C04F79EFBC}") = "secondTask", "secondTask\secondTask.csproj", "{CFDFEF2F-D848-4FD4-9A10-A18D18D12C24}"
EndProject
Global
	GlobalSection(SolutionConfigurationPlatforms) = preSolution
		Debug|Any CPU = Debug|Any CPU
		Release|Any CPU = Release|Any CPU
	EndGlobalSection
	GlobalSection(ProjectConfigurationPlatforms) = postSolution
		{CFDFEF2F-D848-4FD4-9A10-A18D18D12C24}.Debug|Any CPU.ActiveCfg = Debug|Any CPU
		{CFDFEF2F-D848-4FD4-9A10-A18D18D12C24}.Debug|Any CPU.Build.0 = Debug|Any CPU
		{CFDFEF2F-D848-4FD4-9A10-A18D18D12C24}.Release|Any CPU.ActiveCfg = Release|Any CPU
		{CFDFEF2F-D848-4FD4-9A10-A18D18D12C24}.Release|Any CPU.Build.0 = Release|Any CPU
	EndGlobalSection
	GlobalSection(SolutionProperties) = preSolution
		HideSolutionNode = FALSE
	EndGlobalSection
	GlobalSection(ExtensibilityGlobals) = postSolution
		SolutionGuid = {BE79580D-F958-4990-8019-3AB0C54DDA6B}
	EndGlobalSection
EndGlobal
